{
    "_readme": [
        "This file locks the dependencies of your project to a known state",
        "Read more about it at https://getcomposer.org/doc/01-basic-usage.md#installing-dependencies",
        "This file is @generated automatically"
    ],
    "content-hash": "279f55506d21bdda8356bdc59679a8e2",
    "packages": [
        {
            "name": "beberlei/assert",
            "version": "v3.3.2",
            "source": {
                "type": "git",
                "url": "https://github.com/beberlei/assert.git",
                "reference": "cb70015c04be1baee6f5f5c953703347c0ac1655"
            },
            "dist": {
                "type": "zip",
                "url": "https://api.github.com/repos/beberlei/assert/zipball/cb70015c04be1baee6f5f5c953703347c0ac1655",
                "reference": "cb70015c04be1baee6f5f5c953703347c0ac1655",
                "shasum": ""
            },
            "require": {
                "ext-ctype": "*",
                "ext-json": "*",
                "ext-mbstring": "*",
                "ext-simplexml": "*",
                "php": "^7.0 || ^8.0"
            },
            "require-dev": {
                "friendsofphp/php-cs-fixer": "*",
                "phpstan/phpstan": "*",
                "phpunit/phpunit": ">=6.0.0",
                "yoast/phpunit-polyfills": "^0.1.0"
            },
            "suggest": {
                "ext-intl": "Needed to allow Assertion::count(), Assertion::isCountable(), Assertion::minCount(), and Assertion::maxCount() to operate on ResourceBundles"
            },
            "type": "library",
            "autoload": {
                "files": [
                    "lib/Assert/functions.php"
                ],
                "psr-4": {
                    "Assert\\": "lib/Assert"
                }
            },
            "notification-url": "https://packagist.org/downloads/",
            "license": [
                "BSD-2-Clause"
            ],
            "authors": [
                {
                    "name": "Benjamin Eberlei",
                    "email": "kontakt@beberlei.de",
                    "role": "Lead Developer"
                },
                {
                    "name": "Richard Quadling",
                    "email": "rquadling@gmail.com",
                    "role": "Collaborator"
                }
            ],
            "description": "Thin assertion library for input validation in business models.",
            "keywords": [
                "assert",
                "assertion",
                "validation"
            ],
            "support": {
                "issues": "https://github.com/beberlei/assert/issues",
                "source": "https://github.com/beberlei/assert/tree/v3.3.2"
            },
            "time": "2021-12-16T21:41:27+00:00"
        },
        {
            "name": "nikolaposa/rate-limit",
            "version": "3.0.0",
            "source": {
                "type": "git",
                "url": "https://github.com/nikolaposa/rate-limit.git",
                "reference": "4fe2e3e13db2148b9cd4c593a4dd285668f8da38"
            },
            "dist": {
                "type": "zip",
                "url": "https://api.github.com/repos/nikolaposa/rate-limit/zipball/4fe2e3e13db2148b9cd4c593a4dd285668f8da38",
                "reference": "4fe2e3e13db2148b9cd4c593a4dd285668f8da38",
                "shasum": ""
            },
            "require": {
                "beberlei/assert": "^3.2",
                "php": "^7.4 || ^8.0"
            },
            "require-dev": {
                "ext-apcu": ">=5.1.12",
                "ext-redis": "*",
                "friendsofphp/php-cs-fixer": "^2.17",
                "phpstan/phpstan": "^0.12.10",
                "phpstan/phpstan-beberlei-assert": "^0.12.2",
                "phpstan/phpstan-phpunit": "^0.12.6",
                "phpunit/phpunit": "^8.0",
                "predis/predis": "^1.1"
            },
            "suggest": {
                "ext-apcu": "In order to use ApcuRateLimiter",
                "ext-memcached": "In order to use MemcachedRateLimiter",
                "ext-redis": "In order to use RedisRateLimiter",
                "predis/predis": "In order to use PredisRateLimiter"
            },
            "type": "library",
            "extra": {
                "branch-alias": {
                    "dev-master": "3.0.x-dev"
                }
            },
            "autoload": {
                "psr-4": {
                    "RateLimit\\": "src/"
                }
            },
            "notification-url": "https://packagist.org/downloads/",
            "license": [
                "MIT"
            ],
            "authors": [
                {
                    "name": "Nikola Poša",
                    "email": "posa.nikola@gmail.com",
                    "homepage": "https://www.nikolaposa.in.rs"
                }
            ],
            "description": "General purpose rate limiter implementation.",
            "keywords": [
                "rate limit",
                "redis"
            ],
            "support": {
                "issues": "https://github.com/nikolaposa/rate-limit/issues",
                "source": "https://github.com/nikolaposa/rate-limit/tree/3.0.0"
            },
            "time": "2021-10-31T11:03:26+00:00"
        },
        {
            "name": "nopjmp/discord-webhooks",
            "version": "0.3.1",
            "source": {
                "type": "git",
                "url": "https://github.com/nopjmp/discord-webhooks.git",
                "reference": "79a923abebb0b764d8592605fe26750fb7dc9a46"
            },
            "dist": {
                "type": "zip",
                "url": "https://api.github.com/repos/nopjmp/discord-webhooks/zipball/79a923abebb0b764d8592605fe26750fb7dc9a46",
                "reference": "79a923abebb0b764d8592605fe26750fb7dc9a46",
                "shasum": ""
            },
            "require": {
                "ext-curl": "*",
                "php": ">=5.4"
            },
            "type": "library",
            "autoload": {
                "psr-4": {
                    "DiscordWebhooks\\": "DiscordWebhooks/"
                }
            },
            "notification-url": "https://packagist.org/downloads/",
            "license": [
                "MIT"
            ],
            "authors": [
                {
                    "name": "Kayla Thompson",
                    "email": "jmp@const.ninja"
                }
            ],
            "description": "A simple Discord webhook client library.",
            "support": {
                "issues": "https://github.com/nopjmp/discord-webhooks/issues",
                "source": "https://github.com/nopjmp/discord-webhooks/tree/master"
            },
            "time": "2018-04-27T04:13:39+00:00"
        }
    ],
    "packages-dev": [],
    "aliases": [],
    "minimum-stability": "stable",
    "stability-flags": [],
    "prefer-stable": false,
    "prefer-lowest": false,
    "platform": [],
    "platform-dev": [],
    "plugin-api-version": "2.3.0"
}
